
Microsoft Visual Studio Solution File, Format Version 12.00
# Visual Studio Version 17
VisualStudioVersion = 17.9.34714.143
MinimumVisualStudioVersion = 10.0.40219.1
Project("{FAE04EC0-301F-11D3-BF4B-00C04F79EFBC}") = "DtoPractice", "DtoPractice.csproj", "{C909722C-624F-445B-AD7F-C87BC3207EC5}"
EndProject
Global
	GlobalSection(SolutionConfigurationPlatforms) = preSolution
		Debug|Any CPU = Debug|Any CPU
		Release|Any CPU = Release|Any CPU
	EndGlobalSection
	GlobalSection(ProjectConfigurationPlatforms) = postSolution
		{C909722C-624F-445B-AD7F-C87BC3207EC5}.Debug|Any CPU.ActiveCfg = Debug|Any CPU
		{C909722C-624F-445B-AD7F-C87BC3207EC5}.Debug|Any CPU.Build.0 = Debug|Any CPU
		{C909722C-624F-445B-AD7F-C87BC3207EC5}.Release|Any CPU.ActiveCfg = Release|Any CPU
		{C909722C-624F-445B-AD7F-C87BC3207EC5}.Release|Any CPU.Build.0 = Release|Any CPU
	EndGlobalSection
	GlobalSection(SolutionProperties) = preSolution
		HideSolutionNode = FALSE
	EndGlobalSection
	GlobalSection(ExtensibilityGlobals) = postSolution
		SolutionGuid = {0C6B0536-4458-41A9-BCC4-9CB23E115374}
	EndGlobalSection
EndGlobal
